
Microsoft Visual Studio Solution File, Format Version 12.00
# Visual Studio Version 16
VisualStudioVersion = 16.0.28729.10
MinimumVisualStudioVersion = 10.0.40219.1
Project("{FAE04EC0-301F-11D3-BF4B-00C04F79EFBC}") = "CrescentCove", "CrescentCove\CrescentCove.csproj", "{BA67887B-6542-48B8-BBF9-0114BF09A3EF}"
EndProject
Project("{FAE04EC0-301F-11D3-BF4B-00C04F79EFBC}") = "CrescentCove.Test", "CrescentCove.Test\CrescentCove.Test.csproj", "{7CE17664-8C24-48B6-AE30-05C66E1D5F80}"
EndProject
Global
	GlobalSection(SolutionConfigurationPlatforms) = preSolution
		Debug|Any CPU = Debug|Any CPU
		Release|Any CPU = Release|Any CPU
	EndGlobalSection
	GlobalSection(ProjectConfigurationPlatforms) = postSolution
		{BA67887B-6542-48B8-BBF9-0114BF09A3EF}.Debug|Any CPU.ActiveCfg = Debug|Any CPU
		{BA67887B-6542-48B8-BBF9-0114BF09A3EF}.Debug|Any CPU.Build.0 = Debug|Any CPU
		{BA67887B-6542-48B8-BBF9-0114BF09A3EF}.Release|Any CPU.ActiveCfg = Release|Any CPU
		{BA67887B-6542-48B8-BBF9-0114BF09A3EF}.Release|Any CPU.Build.0 = Release|Any CPU
		{7CE17664-8C24-48B6-AE30-05C66E1D5F80}.Debug|Any CPU.ActiveCfg = Debug|Any CPU
		{7CE17664-8C24-48B6-AE30-05C66E1D5F80}.Debug|Any CPU.Build.0 = Debug|Any CPU
		{7CE17664-8C24-48B6-AE30-05C66E1D5F80}.Release|Any CPU.ActiveCfg = Release|Any CPU
		{7CE17664-8C24-48B6-AE30-05C66E1D5F80}.Release|Any CPU.Build.0 = Release|Any CPU
	EndGlobalSection
	GlobalSection(SolutionProperties) = preSolution
		HideSolutionNode = FALSE
	EndGlobalSection
	GlobalSection(ExtensibilityGlobals) = postSolution
		SolutionGuid = {984229AF-6452-4E87-8199-760F61B7D770}
	EndGlobalSection
EndGlobal
